# This file is automatically @generated by Cargo.
# It is not intended for manual editing.
version = 3

[[package]]
name = "cool_arena"
version = "0.1.0"

[[package]]
name = "cool_driver"
version = "0.1.0"

[[package]]
name = "cool_lexer"
version = "0.1.0"

[[package]]
name = "cool_parser"
version = "0.1.0"

[[package]]
name = "cool_span"
version = "0.1.0"
